dependencies:
  idf:
    source:
      type: idf
    version: 5.4.0
  m5stack/m5gfx:
    component_hash: 932989e5a7154b099d2e2fc2e6906a39e0d24c567b62c9060d0b41f0b3d5446f
    dependencies: []
    source:
      registry_url: https://components.espressif.com
      type: service
    version: 0.2.3
  m5stack/m5unified:
    component_hash: 8035a9bd54dff86c4d3e43188ceaadd777f044a5f095d0fce5ce464a8e5116a7
    dependencies:
    - name: m5stack/m5gfx
      registry_url: https://components.espressif.com
      require: private
      version: ^0.2.3
    source:
      registry_url: https://components.espressif.com/
      type: service
    version: 0.2.2
direct_dependencies:
- idf
- m5stack/m5unified
manifest_hash: a9f135ec3b38c933d50ba6b474bca9bb178626788fe2e8370c1eb115b3ad2f3c
target: esp32
version: 2.0.0
